// !$*UTF8*$!
{
	archiveVersion = 1;
	classes = {
	};
	objectVersion = 50;
	objects = {

/* Begin PBXBuildFile section */
		325F502D2304950A004CDCA2 /* AppDelegate.swift in Sources */ = {isa = PBXBuildFile; fileRef = 325F502C2304950A004CDCA2 /* AppDelegate.swift */; };
		325F502F2304950A004CDCA2 /* ViewController.swift in Sources */ = {isa = PBXBuildFile; fileRef = 325F502E2304950A004CDCA2 /* ViewController.swift */; };
		325F50322304950A004CDCA2 /* Main.storyboard in Resources */ = {isa = PBXBuildFile; fileRef = 325F50302304950A004CDCA2 /* Main.storyboard */; };
		325F50352304950A004CDCA2 /* Acessibilidade.xcdatamodeld in Sources */ = {isa = PBXBuildFile; fileRef = 325F50332304950A004CDCA2 /* Acessibilidade.xcdatamodeld */; };
		325F50372304950B004CDCA2 /* Assets.xcassets in Resources */ = {isa = PBXBuildFile; fileRef = 325F50362304950B004CDCA2 /* Assets.xcassets */; };
		325F503A2304950B004CDCA2 /* LaunchScreen.storyboard in Resources */ = {isa = PBXBuildFile; fileRef = 325F50382304950B004CDCA2 /* LaunchScreen.storyboard */; };
		D9007D80231595EF00090140 /* RestaurantCellTableViewCell.swift in Sources */ = {isa = PBXBuildFile; fileRef = D9007D7E231595EF00090140 /* RestaurantCellTableViewCell.swift */; };
		D9007D81231595EF00090140 /* RestaurantCellTableViewCell.xib in Resources */ = {isa = PBXBuildFile; fileRef = D9007D7F231595EF00090140 /* RestaurantCellTableViewCell.xib */; };
		D9865DCA23144DA900FA6C21 /* HomeViewController.swift in Sources */ = {isa = PBXBuildFile; fileRef = D9865DC823144DA900FA6C21 /* HomeViewController.swift */; };
		D9865DCB23144DA900FA6C21 /* HomeViewController.xib in Resources */ = {isa = PBXBuildFile; fileRef = D9865DC923144DA900FA6C21 /* HomeViewController.xib */; };
		D9865DCD23144E4A00FA6C21 /* HomeViewModel.swift in Sources */ = {isa = PBXBuildFile; fileRef = D9865DCC23144E4A00FA6C21 /* HomeViewModel.swift */; };
		D9865DD223144FDE00FA6C21 /* NearRestaurantsTableViewCell.swift in Sources */ = {isa = PBXBuildFile; fileRef = D9865DD023144FDE00FA6C21 /* NearRestaurantsTableViewCell.swift */; };
		D9865DD323144FDE00FA6C21 /* NearRestaurantsTableViewCell.xib in Resources */ = {isa = PBXBuildFile; fileRef = D9865DD123144FDE00FA6C21 /* NearRestaurantsTableViewCell.xib */; };
		D9865DD623145B0F00FA6C21 /* CategoriesRestaurantsCollectionViewCell.swift in Sources */ = {isa = PBXBuildFile; fileRef = D9865DD423145B0F00FA6C21 /* CategoriesRestaurantsCollectionViewCell.swift */; };
		D9865DD723145B0F00FA6C21 /* CategoriesRestaurantsCollectionViewCell.xib in Resources */ = {isa = PBXBuildFile; fileRef = D9865DD523145B0F00FA6C21 /* CategoriesRestaurantsCollectionViewCell.xib */; };
		D9865DDB2315949300FA6C21 /* RestaurantListViewController.swift in Sources */ = {isa = PBXBuildFile; fileRef = D9865DD92315949300FA6C21 /* RestaurantListViewController.swift */; };
		D9865DDC2315949300FA6C21 /* RestaurantListViewController.xib in Resources */ = {isa = PBXBuildFile; fileRef = D9865DDA2315949300FA6C21 /* RestaurantListViewController.xib */; };
		D9865DDE231594D900FA6C21 /* RestaurantListViewModel.swift in Sources */ = {isa = PBXBuildFile; fileRef = D9865DDD231594D900FA6C21 /* RestaurantListViewModel.swift */; };
/* End PBXBuildFile section */

/* Begin PBXFileReference section */
		325F50292304950A004CDCA2 /* Acessibilidade.app */ = {isa = PBXFileReference; explicitFileType = wrapper.application; includeInIndex = 0; path = Acessibilidade.app; sourceTree = BUILT_PRODUCTS_DIR; };
		325F502C2304950A004CDCA2 /* AppDelegate.swift */ = {isa = PBXFileReference; lastKnownFileType = sourcecode.swift; path = AppDelegate.swift; sourceTree = "<group>"; };
		325F502E2304950A004CDCA2 /* ViewController.swift */ = {isa = PBXFileReference; lastKnownFileType = sourcecode.swift; path = ViewController.swift; sourceTree = "<group>"; };
		325F50312304950A004CDCA2 /* Base */ = {isa = PBXFileReference; lastKnownFileType = file.storyboard; name = Base; path = Base.lproj/Main.storyboard; sourceTree = "<group>"; };
		325F50342304950A004CDCA2 /* Acessibilidade.xcdatamodel */ = {isa = PBXFileReference; lastKnownFileType = wrapper.xcdatamodel; path = Acessibilidade.xcdatamodel; sourceTree = "<group>"; };
		325F50362304950B004CDCA2 /* Assets.xcassets */ = {isa = PBXFileReference; lastKnownFileType = folder.assetcatalog; path = Assets.xcassets; sourceTree = "<group>"; };
		325F50392304950B004CDCA2 /* Base */ = {isa = PBXFileReference; lastKnownFileType = file.storyboard; name = Base; path = Base.lproj/LaunchScreen.storyboard; sourceTree = "<group>"; };
		325F503B2304950B004CDCA2 /* Info.plist */ = {isa = PBXFileReference; lastKnownFileType = text.plist.xml; path = Info.plist; sourceTree = "<group>"; };
		D9007D7E231595EF00090140 /* RestaurantCellTableViewCell.swift */ = {isa = PBXFileReference; lastKnownFileType = sourcecode.swift; path = RestaurantCellTableViewCell.swift; sourceTree = "<group>"; };
		D9007D7F231595EF00090140 /* RestaurantCellTableViewCell.xib */ = {isa = PBXFileReference; lastKnownFileType = file.xib; path = RestaurantCellTableViewCell.xib; sourceTree = "<group>"; };
		D9865DC823144DA900FA6C21 /* HomeViewController.swift */ = {isa = PBXFileReference; lastKnownFileType = sourcecode.swift; path = HomeViewController.swift; sourceTree = "<group>"; };
		D9865DC923144DA900FA6C21 /* HomeViewController.xib */ = {isa = PBXFileReference; lastKnownFileType = file.xib; path = HomeViewController.xib; sourceTree = "<group>"; };
		D9865DCC23144E4A00FA6C21 /* HomeViewModel.swift */ = {isa = PBXFileReference; lastKnownFileType = sourcecode.swift; path = HomeViewModel.swift; sourceTree = "<group>"; };
		D9865DD023144FDE00FA6C21 /* NearRestaurantsTableViewCell.swift */ = {isa = PBXFileReference; lastKnownFileType = sourcecode.swift; path = NearRestaurantsTableViewCell.swift; sourceTree = "<group>"; };
		D9865DD123144FDE00FA6C21 /* NearRestaurantsTableViewCell.xib */ = {isa = PBXFileReference; lastKnownFileType = file.xib; path = NearRestaurantsTableViewCell.xib; sourceTree = "<group>"; };
		D9865DD423145B0F00FA6C21 /* CategoriesRestaurantsCollectionViewCell.swift */ = {isa = PBXFileReference; lastKnownFileType = sourcecode.swift; path = CategoriesRestaurantsCollectionViewCell.swift; sourceTree = "<group>"; };
		D9865DD523145B0F00FA6C21 /* CategoriesRestaurantsCollectionViewCell.xib */ = {isa = PBXFileReference; lastKnownFileType = file.xib; path = CategoriesRestaurantsCollectionViewCell.xib; sourceTree = "<group>"; };
		D9865DD92315949300FA6C21 /* RestaurantListViewController.swift */ = {isa = PBXFileReference; lastKnownFileType = sourcecode.swift; path = RestaurantListViewController.swift; sourceTree = "<group>"; };
		D9865DDA2315949300FA6C21 /* RestaurantListViewController.xib */ = {isa = PBXFileReference; lastKnownFileType = file.xib; path = RestaurantListViewController.xib; sourceTree = "<group>"; };
		D9865DDD231594D900FA6C21 /* RestaurantListViewModel.swift */ = {isa = PBXFileReference; lastKnownFileType = sourcecode.swift; path = RestaurantListViewModel.swift; sourceTree = "<group>"; };
/* End PBXFileReference section */

/* Begin PBXFrameworksBuildPhase section */
		325F50262304950A004CDCA2 /* Frameworks */ = {
			isa = PBXFrameworksBuildPhase;
			buildActionMask = 2147483647;
			files = (
			);
			runOnlyForDeploymentPostprocessing = 0;
		};
/* End PBXFrameworksBuildPhase section */

/* Begin PBXGroup section */
		325F50202304950A004CDCA2 = {
			isa = PBXGroup;
			children = (
				325F502B2304950A004CDCA2 /* Acessibilidade */,
				325F502A2304950A004CDCA2 /* Products */,
			);
			sourceTree = "<group>";
		};
		325F502A2304950A004CDCA2 /* Products */ = {
			isa = PBXGroup;
			children = (
				325F50292304950A004CDCA2 /* Acessibilidade.app */,
			);
			name = Products;
			sourceTree = "<group>";
		};
		325F502B2304950A004CDCA2 /* Acessibilidade */ = {
			isa = PBXGroup;
			children = (
				D9865DCF23144F9F00FA6C21 /* View */,
				D9865DC623144CF000FA6C21 /* ViewControllers */,
				325F502C2304950A004CDCA2 /* AppDelegate.swift */,
				325F502E2304950A004CDCA2 /* ViewController.swift */,
				325F50302304950A004CDCA2 /* Main.storyboard */,
				325F50362304950B004CDCA2 /* Assets.xcassets */,
				325F50382304950B004CDCA2 /* LaunchScreen.storyboard */,
				325F503B2304950B004CDCA2 /* Info.plist */,
				325F50332304950A004CDCA2 /* Acessibilidade.xcdatamodeld */,
			);
			path = Acessibilidade;
			sourceTree = "<group>";
		};
		D9007D7D231595D100090140 /* Restaurant Cell */ = {
			isa = PBXGroup;
			children = (
				D9007D7E231595EF00090140 /* RestaurantCellTableViewCell.swift */,
				D9007D7F231595EF00090140 /* RestaurantCellTableViewCell.xib */,
			);
			path = "Restaurant Cell";
			sourceTree = "<group>";
		};
		D9865DC623144CF000FA6C21 /* ViewControllers */ = {
			isa = PBXGroup;
			children = (
				D9865DD82315945400FA6C21 /* Restaurant List */,
				D9865DC723144D0C00FA6C21 /* Home */,
			);
			path = ViewControllers;
			sourceTree = "<group>";
		};
		D9865DC723144D0C00FA6C21 /* Home */ = {
			isa = PBXGroup;
			children = (
				D9865DC823144DA900FA6C21 /* HomeViewController.swift */,
				D9865DC923144DA900FA6C21 /* HomeViewController.xib */,
				D9865DCC23144E4A00FA6C21 /* HomeViewModel.swift */,
			);
			path = Home;
			sourceTree = "<group>";
		};
		D9865DCE23144F8000FA6C21 /* Cells */ = {
			isa = PBXGroup;
			children = (
				D9007D7D231595D100090140 /* Restaurant Cell */,
				D9865DDF2315957900FA6C21 /* Home Cell */,
			);
			path = Cells;
			sourceTree = "<group>";
		};
		D9865DCF23144F9F00FA6C21 /* View */ = {
			isa = PBXGroup;
			children = (
				D9865DCE23144F8000FA6C21 /* Cells */,
			);
			path = View;
			sourceTree = "<group>";
		};
		D9865DD82315945400FA6C21 /* Restaurant List */ = {
			isa = PBXGroup;
			children = (
				D9865DD92315949300FA6C21 /* RestaurantListViewController.swift */,
				D9865DDA2315949300FA6C21 /* RestaurantListViewController.xib */,
				D9865DDD231594D900FA6C21 /* RestaurantListViewModel.swift */,
			);
			path = "Restaurant List";
			sourceTree = "<group>";
		};
		D9865DDF2315957900FA6C21 /* Home Cell */ = {
			isa = PBXGroup;
			children = (
				D9865DD023144FDE00FA6C21 /* NearRestaurantsTableViewCell.swift */,
				D9865DD123144FDE00FA6C21 /* NearRestaurantsTableViewCell.xib */,
				D9865DD423145B0F00FA6C21 /* CategoriesRestaurantsCollectionViewCell.swift */,
				D9865DD523145B0F00FA6C21 /* CategoriesRestaurantsCollectionViewCell.xib */,
			);
			path = "Home Cell";
			sourceTree = "<group>";
		};
/* End PBXGroup section */

/* Begin PBXNativeTarget section */
		325F50282304950A004CDCA2 /* Acessibilidade */ = {
			isa = PBXNativeTarget;
			buildConfigurationList = 325F503E2304950B004CDCA2 /* Build configuration list for PBXNativeTarget "Acessibilidade" */;
			buildPhases = (
				325F50252304950A004CDCA2 /* Sources */,
				325F50262304950A004CDCA2 /* Frameworks */,
				325F50272304950A004CDCA2 /* Resources */,
				325F504123049566004CDCA2 /* ShellScript */,
			);
			buildRules = (
			);
			dependencies = (
			);
			name = Acessibilidade;
			productName = Acessibilidade;
			productReference = 325F50292304950A004CDCA2 /* Acessibilidade.app */;
			productType = "com.apple.product-type.application";
		};
/* End PBXNativeTarget section */

/* Begin PBXProject section */
		325F50212304950A004CDCA2 /* Project object */ = {
			isa = PBXProject;
			attributes = {
				LastSwiftUpdateCheck = 1020;
				LastUpgradeCheck = 1020;
				ORGANIZATIONNAME = "Felipe Petersen";
				TargetAttributes = {
					325F50282304950A004CDCA2 = {
						CreatedOnToolsVersion = 10.2.1;
					};
				};
			};
			buildConfigurationList = 325F50242304950A004CDCA2 /* Build configuration list for PBXProject "Acessibilidade" */;
			compatibilityVersion = "Xcode 9.3";
			developmentRegion = en;
			hasScannedForEncodings = 0;
			knownRegions = (
				en,
				Base,
			);
			mainGroup = 325F50202304950A004CDCA2;
			productRefGroup = 325F502A2304950A004CDCA2 /* Products */;
			projectDirPath = "";
			projectRoot = "";
			targets = (
				325F50282304950A004CDCA2 /* Acessibilidade */,
			);
		};
/* End PBXProject section */

/* Begin PBXResourcesBuildPhase section */
		325F50272304950A004CDCA2 /* Resources */ = {
			isa = PBXResourcesBuildPhase;
			buildActionMask = 2147483647;
			files = (
				325F503A2304950B004CDCA2 /* LaunchScreen.storyboard in Resources */,
				D9865DDC2315949300FA6C21 /* RestaurantListViewController.xib in Resources */,
				D9865DD323144FDE00FA6C21 /* NearRestaurantsTableViewCell.xib in Resources */,
				325F50372304950B004CDCA2 /* Assets.xcassets in Resources */,
				D9007D81231595EF00090140 /* RestaurantCellTableViewCell.xib in Resources */,
				D9865DD723145B0F00FA6C21 /* CategoriesRestaurantsCollectionViewCell.xib in Resources */,
				325F50322304950A004CDCA2 /* Main.storyboard in Resources */,
				D9865DCB23144DA900FA6C21 /* HomeViewController.xib in Resources */,
			);
			runOnlyForDeploymentPostprocessing = 0;
		};
/* End PBXResourcesBuildPhase section */

/* Begin PBXShellScriptBuildPhase section */
		325F504123049566004CDCA2 /* ShellScript */ = {
			isa = PBXShellScriptBuildPhase;
			buildActionMask = 2147483647;
			files = (
			);
			inputFileListPaths = (
			);
			inputPaths = (
			);
			outputFileListPaths = (
			);
			outputPaths = (
			);
			runOnlyForDeploymentPostprocessing = 0;
			shellPath = /bin/sh;
			shellScript = "# Type a script or drag a script file from your workspace to insert its path.\nif which swiftlint >/dev/null; then\nswiftlint\nelse\necho \"warning: SwiftLint not installed, download from https://github.com/realm/SwiftLint\"\nfi\n";
		};
/* End PBXShellScriptBuildPhase section */

/* Begin PBXSourcesBuildPhase section */
		325F50252304950A004CDCA2 /* Sources */ = {
			isa = PBXSourcesBuildPhase;
			buildActionMask = 2147483647;
			files = (
				D9865DD623145B0F00FA6C21 /* CategoriesRestaurantsCollectionViewCell.swift in Sources */,
				325F502F2304950A004CDCA2 /* ViewController.swift in Sources */,
				D9007D80231595EF00090140 /* RestaurantCellTableViewCell.swift in Sources */,
				325F502D2304950A004CDCA2 /* AppDelegate.swift in Sources */,
				D9865DD223144FDE00FA6C21 /* NearRestaurantsTableViewCell.swift in Sources */,
				D9865DDE231594D900FA6C21 /* RestaurantListViewModel.swift in Sources */,
				325F50352304950A004CDCA2 /* Acessibilidade.xcdatamodeld in Sources */,
				D9865DDB2315949300FA6C21 /* RestaurantListViewController.swift in Sources */,
				D9865DCD23144E4A00FA6C21 /* HomeViewModel.swift in Sources */,
				D9865DCA23144DA900FA6C21 /* HomeViewController.swift in Sources */,
			);
			runOnlyForDeploymentPostprocessing = 0;
		};
/* End PBXSourcesBuildPhase section */

/* Begin PBXVariantGroup section */
		325F50302304950A004CDCA2 /* Main.storyboard */ = {
			isa = PBXVariantGroup;
			children = (
				325F50312304950A004CDCA2 /* Base */,
			);
			name = Main.storyboard;
			sourceTree = "<group>";
		};
		325F50382304950B004CDCA2 /* LaunchScreen.storyboard */ = {
			isa = PBXVariantGroup;
			children = (
				325F50392304950B004CDCA2 /* Base */,
			);
			name = LaunchScreen.storyboard;
			sourceTree = "<group>";
		};
/* End PBXVariantGroup section */

/* Begin XCBuildConfiguration section */
		325F503C2304950B004CDCA2 /* Debug */ = {
			isa = XCBuildConfiguration;
			buildSettings = {
				ALWAYS_SEARCH_USER_PATHS = NO;
				CLANG_ANALYZER_NONNULL = YES;
				CLANG_ANALYZER_NUMBER_OBJECT_CONVERSION = YES_AGGRESSIVE;
				CLANG_CXX_LANGUAGE_STANDARD = "gnu++14";
				CLANG_CXX_LIBRARY = "libc++";
				CLANG_ENABLE_MODULES = YES;
				CLANG_ENABLE_OBJC_ARC = YES;
				CLANG_ENABLE_OBJC_WEAK = YES;
				CLANG_WARN_BLOCK_CAPTURE_AUTORELEASING = YES;
				CLANG_WARN_BOOL_CONVERSION = YES;
				CLANG_WARN_COMMA = YES;
				CLANG_WARN_CONSTANT_CONVERSION = YES;
				CLANG_WARN_DEPRECATED_OBJC_IMPLEMENTATIONS = YES;
				CLANG_WARN_DIRECT_OBJC_ISA_USAGE = YES_ERROR;
				CLANG_WARN_DOCUMENTATION_COMMENTS = YES;
				CLANG_WARN_EMPTY_BODY = YES;
				CLANG_WARN_ENUM_CONVERSION = YES;
				CLANG_WARN_INFINITE_RECURSION = YES;
				CLANG_WARN_INT_CONVERSION = YES;
				CLANG_WARN_NON_LITERAL_NULL_CONVERSION = YES;
				CLANG_WARN_OBJC_IMPLICIT_RETAIN_SELF = YES;
				CLANG_WARN_OBJC_LITERAL_CONVERSION = YES;
				CLANG_WARN_OBJC_ROOT_CLASS = YES_ERROR;
				CLANG_WARN_RANGE_LOOP_ANALYSIS = YES;
				CLANG_WARN_STRICT_PROTOTYPES = YES;
				CLANG_WARN_SUSPICIOUS_MOVE = YES;
				CLANG_WARN_UNGUARDED_AVAILABILITY = YES_AGGRESSIVE;
				CLANG_WARN_UNREACHABLE_CODE = YES;
				CLANG_WARN__DUPLICATE_METHOD_MATCH = YES;
				CODE_SIGN_IDENTITY = "iPhone Developer";
				COPY_PHASE_STRIP = NO;
				DEBUG_INFORMATION_FORMAT = dwarf;
				ENABLE_STRICT_OBJC_MSGSEND = YES;
				ENABLE_TESTABILITY = YES;
				GCC_C_LANGUAGE_STANDARD = gnu11;
				GCC_DYNAMIC_NO_PIC = NO;
				GCC_NO_COMMON_BLOCKS = YES;
				GCC_OPTIMIZATION_LEVEL = 0;
				GCC_PREPROCESSOR_DEFINITIONS = (
					"DEBUG=1",
					"$(inherited)",
				);
				GCC_WARN_64_TO_32_BIT_CONVERSION = YES;
				GCC_WARN_ABOUT_RETURN_TYPE = YES_ERROR;
				GCC_WARN_UNDECLARED_SELECTOR = YES;
				GCC_WARN_UNINITIALIZED_AUTOS = YES_AGGRESSIVE;
				GCC_WARN_UNUSED_FUNCTION = YES;
				GCC_WARN_UNUSED_VARIABLE = YES;
				IPHONEOS_DEPLOYMENT_TARGET = 12.2;
				MTL_ENABLE_DEBUG_INFO = INCLUDE_SOURCE;
				MTL_FAST_MATH = YES;
				ONLY_ACTIVE_ARCH = YES;
				SDKROOT = iphoneos;
				SWIFT_ACTIVE_COMPILATION_CONDITIONS = DEBUG;
				SWIFT_OPTIMIZATION_LEVEL = "-Onone";
			};
			name = Debug;
		};
		325F503D2304950B004CDCA2 /* Release */ = {
			isa = XCBuildConfiguration;
			buildSettings = {
				ALWAYS_SEARCH_USER_PATHS = NO;
				CLANG_ANALYZER_NONNULL = YES;
				CLANG_ANALYZER_NUMBER_OBJECT_CONVERSION = YES_AGGRESSIVE;
				CLANG_CXX_LANGUAGE_STANDARD = "gnu++14";
				CLANG_CXX_LIBRARY = "libc++";
				CLANG_ENABLE_MODULES = YES;
				CLANG_ENABLE_OBJC_ARC = YES;
				CLANG_ENABLE_OBJC_WEAK = YES;
				CLANG_WARN_BLOCK_CAPTURE_AUTORELEASING = YES;
				CLANG_WARN_BOOL_CONVERSION = YES;
				CLANG_WARN_COMMA = YES;
				CLANG_WARN_CONSTANT_CONVERSION = YES;
				CLANG_WARN_DEPRECATED_OBJC_IMPLEMENTATIONS = YES;
				CLANG_WARN_DIRECT_OBJC_ISA_USAGE = YES_ERROR;
				CLANG_WARN_DOCUMENTATION_COMMENTS = YES;
				CLANG_WARN_EMPTY_BODY = YES;
				CLANG_WARN_ENUM_CONVERSION = YES;
				CLANG_WARN_INFINITE_RECURSION = YES;
				CLANG_WARN_INT_CONVERSION = YES;
				CLANG_WARN_NON_LITERAL_NULL_CONVERSION = YES;
				CLANG_WARN_OBJC_IMPLICIT_RETAIN_SELF = YES;
				CLANG_WARN_OBJC_LITERAL_CONVERSION = YES;
				CLANG_WARN_OBJC_ROOT_CLASS = YES_ERROR;
				CLANG_WARN_RANGE_LOOP_ANALYSIS = YES;
				CLANG_WARN_STRICT_PROTOTYPES = YES;
				CLANG_WARN_SUSPICIOUS_MOVE = YES;
				CLANG_WARN_UNGUARDED_AVAILABILITY = YES_AGGRESSIVE;
				CLANG_WARN_UNREACHABLE_CODE = YES;
				CLANG_WARN__DUPLICATE_METHOD_MATCH = YES;
				CODE_SIGN_IDENTITY = "iPhone Developer";
				COPY_PHASE_STRIP = NO;
				DEBUG_INFORMATION_FORMAT = "dwarf-with-dsym";
				ENABLE_NS_ASSERTIONS = NO;
				ENABLE_STRICT_OBJC_MSGSEND = YES;
				GCC_C_LANGUAGE_STANDARD = gnu11;
				GCC_NO_COMMON_BLOCKS = YES;
				GCC_WARN_64_TO_32_BIT_CONVERSION = YES;
				GCC_WARN_ABOUT_RETURN_TYPE = YES_ERROR;
				GCC_WARN_UNDECLARED_SELECTOR = YES;
				GCC_WARN_UNINITIALIZED_AUTOS = YES_AGGRESSIVE;
				GCC_WARN_UNUSED_FUNCTION = YES;
				GCC_WARN_UNUSED_VARIABLE = YES;
				IPHONEOS_DEPLOYMENT_TARGET = 12.2;
				MTL_ENABLE_DEBUG_INFO = NO;
				MTL_FAST_MATH = YES;
				SDKROOT = iphoneos;
				SWIFT_COMPILATION_MODE = wholemodule;
				SWIFT_OPTIMIZATION_LEVEL = "-O";
				VALIDATE_PRODUCT = YES;
			};
			name = Release;
		};
		325F503F2304950B004CDCA2 /* Debug */ = {
			isa = XCBuildConfiguration;
			buildSettings = {
				ASSETCATALOG_COMPILER_APPICON_NAME = AppIcon;
				CODE_SIGN_STYLE = Automatic;
				DEVELOPMENT_TEAM = Q9Y63W6Q4X;
				INFOPLIST_FILE = Acessibilidade/Info.plist;
				LD_RUNPATH_SEARCH_PATHS = (
					"$(inherited)",
					"@executable_path/Frameworks",
				);
				PRODUCT_BUNDLE_IDENTIFIER = com.fepetersen.Acessibilidade;
				PRODUCT_NAME = "$(TARGET_NAME)";
				SWIFT_VERSION = 5.0;
				TARGETED_DEVICE_FAMILY = "1,2";
			};
			name = Debug;
		};
		325F50402304950B004CDCA2 /* Release */ = {
			isa = XCBuildConfiguration;
			buildSettings = {
				ASSETCATALOG_COMPILER_APPICON_NAME = AppIcon;
				CODE_SIGN_STYLE = Automatic;
				DEVELOPMENT_TEAM = Q9Y63W6Q4X;
				INFOPLIST_FILE = Acessibilidade/Info.plist;
				LD_RUNPATH_SEARCH_PATHS = (
					"$(inherited)",
					"@executable_path/Frameworks",
				);
				PRODUCT_BUNDLE_IDENTIFIER = com.fepetersen.Acessibilidade;
				PRODUCT_NAME = "$(TARGET_NAME)";
				SWIFT_VERSION = 5.0;
				TARGETED_DEVICE_FAMILY = "1,2";
			};
			name = Release;
		};
/* End XCBuildConfiguration section */

/* Begin XCConfigurationList section */
		325F50242304950A004CDCA2 /* Build configuration list for PBXProject "Acessibilidade" */ = {
			isa = XCConfigurationList;
			buildConfigurations = (
				325F503C2304950B004CDCA2 /* Debug */,
				325F503D2304950B004CDCA2 /* Release */,
			);
			defaultConfigurationIsVisible = 0;
			defaultConfigurationName = Release;
		};
		325F503E2304950B004CDCA2 /* Build configuration list for PBXNativeTarget "Acessibilidade" */ = {
			isa = XCConfigurationList;
			buildConfigurations = (
				325F503F2304950B004CDCA2 /* Debug */,
				325F50402304950B004CDCA2 /* Release */,
			);
			defaultConfigurationIsVisible = 0;
			defaultConfigurationName = Release;
		};
/* End XCConfigurationList section */

/* Begin XCVersionGroup section */
		325F50332304950A004CDCA2 /* Acessibilidade.xcdatamodeld */ = {
			isa = XCVersionGroup;
			children = (
				325F50342304950A004CDCA2 /* Acessibilidade.xcdatamodel */,
			);
			currentVersion = 325F50342304950A004CDCA2 /* Acessibilidade.xcdatamodel */;
			path = Acessibilidade.xcdatamodeld;
			sourceTree = "<group>";
			versionGroupType = wrapper.xcdatamodel;
		};
/* End XCVersionGroup section */
	};
	rootObject = 325F50212304950A004CDCA2 /* Project object */;
}
